# Generated by `xrobot setup`; do not edit by hand.
version: 1
requests:
- id: xrobot-org/BlinkLED
  ref: same-or-dev
- id: xrobot-org/BuzzerAlarm
  ref: same-or-dev
- id: xrobot-org/ICM20948
  ref: same-or-dev
- id: xrobot-org/MadgwickAHRS
  ref: same-or-dev
modules:
  xrobot-org/BlinkLED:
    repo: https://github.com/xrobot-org/BlinkLED.git
    source: https://xrobot.work/xrobot-modules/index.yaml
    requested: same-or-dev
    resolved_ref: dev
    ref_kind: branch
    commit: 2fc91fb42b01ce61db3e398cc80ee1bdc0e70638
  xrobot-org/BuzzerAlarm:
    repo: https://github.com/xrobot-org/BuzzerAlarm.git
    source: https://xrobot.work/xrobot-modules/index.yaml
    requested: same-or-dev
    resolved_ref: dev
    ref_kind: branch
    commit: 8bd6b55d821200d2f97c40c1a49f41bb126b22e1
  xrobot-org/ICM20948:
    repo: https://github.com/xrobot-org/ICM20948.git
    source: https://xrobot.work/xrobot-modules/index.yaml
    requested: same-or-dev
    resolved_ref: dev
    ref_kind: branch
    commit: f0d22c1a822eae23607d4c6b7766a8d32f1b8eae
  xrobot-org/MadgwickAHRS:
    repo: https://github.com/xrobot-org/MadgwickAHRS
    source: https://xrobot.work/xrobot-modules/index.yaml
    requested: same-or-dev
    resolved_ref: dev
    ref_kind: branch
    commit: 43cf556cb2fe93879fb79361c4393f9bfe65b998
