# Generated by `xrobot setup`; do not edit by hand.
version: 1
requests:
- id: xrobot-org/BlinkLED
  ref: same-or-dev
- id: xrobot-org/BuzzerAlarm
  ref: same-or-dev
- id: xrobot-org/ICM20948
  ref: same-or-dev
- id: xrobot-org/MadgwickAHRS
  ref: same-or-dev
modules:
  xrobot-org/BlinkLED:
    repo: https://github.com/xrobot-org/BlinkLED.git
    source: https://xrobot.work/xrobot-modules/index.yaml
    requested: same-or-dev
    resolved_ref: dev
    ref_kind: branch
    commit: a06688f8b145a197527fa97e56679437b8fc2180
  xrobot-org/BuzzerAlarm:
    repo: https://github.com/xrobot-org/BuzzerAlarm.git
    source: https://xrobot.work/xrobot-modules/index.yaml
    requested: same-or-dev
    resolved_ref: dev
    ref_kind: branch
    commit: 44424519645a0d9297d5a7bd57b8dd4e0c342e74
  xrobot-org/ICM20948:
    repo: https://github.com/xrobot-org/ICM20948.git
    source: https://xrobot.work/xrobot-modules/index.yaml
    requested: same-or-dev
    resolved_ref: dev
    ref_kind: branch
    commit: 281792e93f9e06724068114773b66e44f66524ec
  xrobot-org/MadgwickAHRS:
    repo: https://github.com/xrobot-org/MadgwickAHRS
    source: https://xrobot.work/xrobot-modules/index.yaml
    requested: same-or-dev
    resolved_ref: dev
    ref_kind: branch
    commit: 286cc8935c9349c1d5c0446f6f5e957083465ee2
